
Microsoft Visual Studio Solution File, Format Version 12.00
# Visual Studio Version 16
VisualStudioVersion = 16.0.28803.452
MinimumVisualStudioVersion = 10.0.40219.1
Project("{9A19103F-16F7-4668-BE54-9A1E7A4F7556}") = "DialogEngine", "DialogEngine\DialogEngine.csproj", "{C90AFDE4-577A-4CAB-84E0-34218B6DB857}"
	ProjectSection(ProjectDependencies) = postProject
		{512FF209-350F-418B-9519-99BE526E4909} = {512FF209-350F-418B-9519-99BE526E4909}
	EndProjectSection
EndProject
Project("{9A19103F-16F7-4668-BE54-9A1E7A4F7556}") = "TokenizerTests", "TokenizerTests\TokenizerTests.csproj", "{EA446BC7-A646-404B-8262-F8AE96BC61B9}"
	ProjectSection(ProjectDependencies) = postProject
		{512FF209-350F-418B-9519-99BE526E4909} = {512FF209-350F-418B-9519-99BE526E4909}
	EndProjectSection
EndProject
Project("{9A19103F-16F7-4668-BE54-9A1E7A4F7556}") = "Errors", "Errors\Errors.csproj", "{512FF209-350F-418B-9519-99BE526E4909}"
EndProject
Project("{00D1A9C2-B5F0-4AF3-8072-F6C62B433612}") = "ScriptRepository", "ScriptRepository\ScriptRepository.sqlproj", "{53CD680A-5309-4B0B-8CE9-56017AB02C8F}"
EndProject
Global
	GlobalSection(SolutionConfigurationPlatforms) = preSolution
		Debug|Any CPU = Debug|Any CPU
		Release|Any CPU = Release|Any CPU
	EndGlobalSection
	GlobalSection(ProjectConfigurationPlatforms) = postSolution
		{C90AFDE4-577A-4CAB-84E0-34218B6DB857}.Debug|Any CPU.ActiveCfg = Debug|Any CPU
		{C90AFDE4-577A-4CAB-84E0-34218B6DB857}.Debug|Any CPU.Build.0 = Debug|Any CPU
		{C90AFDE4-577A-4CAB-84E0-34218B6DB857}.Release|Any CPU.ActiveCfg = Release|Any CPU
		{C90AFDE4-577A-4CAB-84E0-34218B6DB857}.Release|Any CPU.Build.0 = Release|Any CPU
		{EA446BC7-A646-404B-8262-F8AE96BC61B9}.Debug|Any CPU.ActiveCfg = Debug|Any CPU
		{EA446BC7-A646-404B-8262-F8AE96BC61B9}.Debug|Any CPU.Build.0 = Debug|Any CPU
		{EA446BC7-A646-404B-8262-F8AE96BC61B9}.Release|Any CPU.ActiveCfg = Release|Any CPU
		{EA446BC7-A646-404B-8262-F8AE96BC61B9}.Release|Any CPU.Build.0 = Release|Any CPU
		{512FF209-350F-418B-9519-99BE526E4909}.Debug|Any CPU.ActiveCfg = Debug|Any CPU
		{512FF209-350F-418B-9519-99BE526E4909}.Debug|Any CPU.Build.0 = Debug|Any CPU
		{512FF209-350F-418B-9519-99BE526E4909}.Release|Any CPU.ActiveCfg = Release|Any CPU
		{512FF209-350F-418B-9519-99BE526E4909}.Release|Any CPU.Build.0 = Release|Any CPU
		{53CD680A-5309-4B0B-8CE9-56017AB02C8F}.Debug|Any CPU.ActiveCfg = Debug|Any CPU
		{53CD680A-5309-4B0B-8CE9-56017AB02C8F}.Debug|Any CPU.Build.0 = Debug|Any CPU
		{53CD680A-5309-4B0B-8CE9-56017AB02C8F}.Debug|Any CPU.Deploy.0 = Debug|Any CPU
		{53CD680A-5309-4B0B-8CE9-56017AB02C8F}.Release|Any CPU.ActiveCfg = Release|Any CPU
		{53CD680A-5309-4B0B-8CE9-56017AB02C8F}.Release|Any CPU.Build.0 = Release|Any CPU
		{53CD680A-5309-4B0B-8CE9-56017AB02C8F}.Release|Any CPU.Deploy.0 = Release|Any CPU
	EndGlobalSection
	GlobalSection(SolutionProperties) = preSolution
		HideSolutionNode = FALSE
	EndGlobalSection
	GlobalSection(ExtensibilityGlobals) = postSolution
		SolutionGuid = {CB0E8201-7FAC-4800-B6C9-5465EE2742C7}
	EndGlobalSection
EndGlobal
